
Microsoft Visual Studio Solution File, Format Version 12.00
# Visual Studio Version 17
VisualStudioVersion = 17.7.34009.444
MinimumVisualStudioVersion = 10.0.40219.1
Project("{9A19103F-16F7-4668-BE54-9A1E7A4F7556}") = "SakilaAPI", "SakilaAPI\SakilaAPI.csproj", "{6B10591D-AFF9-45D9-9F81-0A4B322D62AA}"
EndProject
Global
	GlobalSection(SolutionConfigurationPlatforms) = preSolution
		Debug|Any CPU = Debug|Any CPU
		Release|Any CPU = Release|Any CPU
	EndGlobalSection
	GlobalSection(ProjectConfigurationPlatforms) = postSolution
		{6B10591D-AFF9-45D9-9F81-0A4B322D62AA}.Debug|Any CPU.ActiveCfg = Debug|Any CPU
		{6B10591D-AFF9-45D9-9F81-0A4B322D62AA}.Debug|Any CPU.Build.0 = Debug|Any CPU
		{6B10591D-AFF9-45D9-9F81-0A4B322D62AA}.Release|Any CPU.ActiveCfg = Release|Any CPU
		{6B10591D-AFF9-45D9-9F81-0A4B322D62AA}.Release|Any CPU.Build.0 = Release|Any CPU
	EndGlobalSection
	GlobalSection(SolutionProperties) = preSolution
		HideSolutionNode = FALSE
	EndGlobalSection
	GlobalSection(ExtensibilityGlobals) = postSolution
		SolutionGuid = {BD489A0B-5CCC-424E-B824-316A68F6DBBF}
	EndGlobalSection
EndGlobal
